// !$*UTF8*$!
{
	archiveVersion = 1;
	classes = {
	};
	objectVersion = 56;
	objects = {

/* Begin PBXBuildFile section */
		AE937CBA2A4FD258000208ED /* AppDelegate.swift in Sources */ = {isa = PBXBuildFile; fileRef = AE937CB92A4FD258000208ED /* AppDelegate.swift */; };
		AE937CBC2A4FD258000208ED /* SceneDelegate.swift in Sources */ = {isa = PBXBuildFile; fileRef = AE937CBB2A4FD258000208ED /* SceneDelegate.swift */; };
		AE937CBE2A4FD258000208ED /* ViewController.swift in Sources */ = {isa = PBXBuildFile; fileRef = AE937CBD2A4FD258000208ED /* ViewController.swift */; };
		AE937CC12A4FD258000208ED /* Main.storyboard in Resources */ = {isa = PBXBuildFile; fileRef = AE937CBF2A4FD258000208ED /* Main.storyboard */; };
		AE937CC32A4FD25C000208ED /* Assets.xcassets in Resources */ = {isa = PBXBuildFile; fileRef = AE937CC22A4FD25C000208ED /* Assets.xcassets */; };
		AE937CC62A4FD25C000208ED /* LaunchScreen.storyboard in Resources */ = {isa = PBXBuildFile; fileRef = AE937CC42A4FD25C000208ED /* LaunchScreen.storyboard */; };
		AE937CD12A4FD25C000208ED /* calculatorTests.swift in Sources */ = {isa = PBXBuildFile; fileRef = AE937CD02A4FD25C000208ED /* calculatorTests.swift */; };
		AE937CDB2A4FD25C000208ED /* calculatorUITests.swift in Sources */ = {isa = PBXBuildFile; fileRef = AE937CDA2A4FD25C000208ED /* calculatorUITests.swift */; };
		AE937CDD2A4FD25C000208ED /* calculatorUITestsLaunchTests.swift in Sources */ = {isa = PBXBuildFile; fileRef = AE937CDC2A4FD25C000208ED /* calculatorUITestsLaunchTests.swift */; };
		AE937CEB2A4FD6D2000208ED /* Calculator.swift in Sources */ = {isa = PBXBuildFile; fileRef = AE937CEA2A4FD6D2000208ED /* Calculator.swift */; };
/* End PBXBuildFile section */

/* Begin PBXContainerItemProxy section */
		AE937CCD2A4FD25C000208ED /* PBXContainerItemProxy */ = {
			isa = PBXContainerItemProxy;
			containerPortal = AE937CAE2A4FD258000208ED /* Project object */;
			proxyType = 1;
			remoteGlobalIDString = AE937CB52A4FD258000208ED;
			remoteInfo = calculator;
		};
		AE937CD72A4FD25C000208ED /* PBXContainerItemProxy */ = {
			isa = PBXContainerItemProxy;
			containerPortal = AE937CAE2A4FD258000208ED /* Project object */;
			proxyType = 1;
			remoteGlobalIDString = AE937CB52A4FD258000208ED;
			remoteInfo = calculator;
		};
/* End PBXContainerItemProxy section */

/* Begin PBXFileReference section */
		AE937CB62A4FD258000208ED /* calculator.app */ = {isa = PBXFileReference; explicitFileType = wrapper.application; includeInIndex = 0; path = calculator.app; sourceTree = BUILT_PRODUCTS_DIR; };
		AE937CB92A4FD258000208ED /* AppDelegate.swift */ = {isa = PBXFileReference; lastKnownFileType = sourcecode.swift; path = AppDelegate.swift; sourceTree = "<group>"; };
		AE937CBB2A4FD258000208ED /* SceneDelegate.swift */ = {isa = PBXFileReference; lastKnownFileType = sourcecode.swift; path = SceneDelegate.swift; sourceTree = "<group>"; };
		AE937CBD2A4FD258000208ED /* ViewController.swift */ = {isa = PBXFileReference; lastKnownFileType = sourcecode.swift; path = ViewController.swift; sourceTree = "<group>"; };
		AE937CC02A4FD258000208ED /* Base */ = {isa = PBXFileReference; lastKnownFileType = file.storyboard; name = Base; path = Base.lproj/Main.storyboard; sourceTree = "<group>"; };
		AE937CC22A4FD25C000208ED /* Assets.xcassets */ = {isa = PBXFileReference; lastKnownFileType = folder.assetcatalog; path = Assets.xcassets; sourceTree = "<group>"; };
		AE937CC52A4FD25C000208ED /* Base */ = {isa = PBXFileReference; lastKnownFileType = file.storyboard; name = Base; path = Base.lproj/LaunchScreen.storyboard; sourceTree = "<group>"; };
		AE937CC72A4FD25C000208ED /* Info.plist */ = {isa = PBXFileReference; lastKnownFileType = text.plist.xml; path = Info.plist; sourceTree = "<group>"; };
		AE937CCC2A4FD25C000208ED /* calculatorTests.xctest */ = {isa = PBXFileReference; explicitFileType = wrapper.cfbundle; includeInIndex = 0; path = calculatorTests.xctest; sourceTree = BUILT_PRODUCTS_DIR; };
		AE937CD02A4FD25C000208ED /* calculatorTests.swift */ = {isa = PBXFileReference; lastKnownFileType = sourcecode.swift; path = calculatorTests.swift; sourceTree = "<group>"; };
		AE937CD62A4FD25C000208ED /* calculatorUITests.xctest */ = {isa = PBXFileReference; explicitFileType = wrapper.cfbundle; includeInIndex = 0; path = calculatorUITests.xctest; sourceTree = BUILT_PRODUCTS_DIR; };
		AE937CDA2A4FD25C000208ED /* calculatorUITests.swift */ = {isa = PBXFileReference; lastKnownFileType = sourcecode.swift; path = calculatorUITests.swift; sourceTree = "<group>"; };
		AE937CDC2A4FD25C000208ED /* calculatorUITestsLaunchTests.swift */ = {isa = PBXFileReference; lastKnownFileType = sourcecode.swift; path = calculatorUITestsLaunchTests.swift; sourceTree = "<group>"; };
		AE937CEA2A4FD6D2000208ED /* Calculator.swift */ = {isa = PBXFileReference; lastKnownFileType = sourcecode.swift; path = Calculator.swift; sourceTree = "<group>"; };
/* End PBXFileReference section */

/* Begin PBXFrameworksBuildPhase section */
		AE937CB32A4FD258000208ED /* Frameworks */ = {
			isa = PBXFrameworksBuildPhase;
			buildActionMask = 2147483647;
			files = (
			);
			runOnlyForDeploymentPostprocessing = 0;
		};
		AE937CC92A4FD25C000208ED /* Frameworks */ = {
			isa = PBXFrameworksBuildPhase;
			buildActionMask = 2147483647;
			files = (
			);
			runOnlyForDeploymentPostprocessing = 0;
		};
		AE937CD32A4FD25C000208ED /* Frameworks */ = {
			isa = PBXFrameworksBuildPhase;
			buildActionMask = 2147483647;
			files = (
			);
			runOnlyForDeploymentPostprocessing = 0;
		};
/* End PBXFrameworksBuildPhase section */

/* Begin PBXGroup section */
		AE937CAD2A4FD258000208ED = {
			isa = PBXGroup;
			children = (
				AE937CB82A4FD258000208ED /* calculator */,
				AE937CCF2A4FD25C000208ED /* calculatorTests */,
				AE937CD92A4FD25C000208ED /* calculatorUITests */,
				AE937CB72A4FD258000208ED /* Products */,
			);
			sourceTree = "<group>";
		};
		AE937CB72A4FD258000208ED /* Products */ = {
			isa = PBXGroup;
			children = (
				AE937CB62A4FD258000208ED /* calculator.app */,
				AE937CCC2A4FD25C000208ED /* calculatorTests.xctest */,
				AE937CD62A4FD25C000208ED /* calculatorUITests.xctest */,
			);
			name = Products;
			sourceTree = "<group>";
		};
		AE937CB82A4FD258000208ED /* calculator */ = {
			isa = PBXGroup;
			children = (
				AE937CE92A4FD6C3000208ED /* Model */,
				AE937CB92A4FD258000208ED /* AppDelegate.swift */,
				AE937CBB2A4FD258000208ED /* SceneDelegate.swift */,
				AE937CBD2A4FD258000208ED /* ViewController.swift */,
				AE937CBF2A4FD258000208ED /* Main.storyboard */,
				AE937CC22A4FD25C000208ED /* Assets.xcassets */,
				AE937CC42A4FD25C000208ED /* LaunchScreen.storyboard */,
				AE937CC72A4FD25C000208ED /* Info.plist */,
			);
			path = calculator;
			sourceTree = "<group>";
		};
		AE937CCF2A4FD25C000208ED /* calculatorTests */ = {
			isa = PBXGroup;
			children = (
				AE937CD02A4FD25C000208ED /* calculatorTests.swift */,
			);
			path = calculatorTests;
			sourceTree = "<group>";
		};
		AE937CD92A4FD25C000208ED /* calculatorUITests */ = {
			isa = PBXGroup;
			children = (
				AE937CDA2A4FD25C000208ED /* calculatorUITests.swift */,
				AE937CDC2A4FD25C000208ED /* calculatorUITestsLaunchTests.swift */,
			);
			path = calculatorUITests;
			sourceTree = "<group>";
		};
		AE937CE92A4FD6C3000208ED /* Model */ = {
			isa = PBXGroup;
			children = (
				AE937CEA2A4FD6D2000208ED /* Calculator.swift */,
			);
			path = Model;
			sourceTree = "<group>";
		};
/* End PBXGroup section */

/* Begin PBXNativeTarget section */
		AE937CB52A4FD258000208ED /* calculator */ = {
			isa = PBXNativeTarget;
			buildConfigurationList = AE937CE02A4FD25C000208ED /* Build configuration list for PBXNativeTarget "calculator" */;
			buildPhases = (
				AE937CB22A4FD258000208ED /* Sources */,
				AE937CB32A4FD258000208ED /* Frameworks */,
				AE937CB42A4FD258000208ED /* Resources */,
			);
			buildRules = (
			);
			dependencies = (
			);
			name = calculator;
			productName = calculator;
			productReference = AE937CB62A4FD258000208ED /* calculator.app */;
			productType = "com.apple.product-type.application";
		};
		AE937CCB2A4FD25C000208ED /* calculatorTests */ = {
			isa = PBXNativeTarget;
			buildConfigurationList = AE937CE32A4FD25C000208ED /* Build configuration list for PBXNativeTarget "calculatorTests" */;
			buildPhases = (
				AE937CC82A4FD25C000208ED /* Sources */,
				AE937CC92A4FD25C000208ED /* Frameworks */,
				AE937CCA2A4FD25C000208ED /* Resources */,
			);
			buildRules = (
			);
			dependencies = (
				AE937CCE2A4FD25C000208ED /* PBXTargetDependency */,
			);
			name = calculatorTests;
			productName = calculatorTests;
			productReference = AE937CCC2A4FD25C000208ED /* calculatorTests.xctest */;
			productType = "com.apple.product-type.bundle.unit-test";
		};
		AE937CD52A4FD25C000208ED /* calculatorUITests */ = {
			isa = PBXNativeTarget;
			buildConfigurationList = AE937CE62A4FD25C000208ED /* Build configuration list for PBXNativeTarget "calculatorUITests" */;
			buildPhases = (
				AE937CD22A4FD25C000208ED /* Sources */,
				AE937CD32A4FD25C000208ED /* Frameworks */,
				AE937CD42A4FD25C000208ED /* Resources */,
			);
			buildRules = (
			);
			dependencies = (
				AE937CD82A4FD25C000208ED /* PBXTargetDependency */,
			);
			name = calculatorUITests;
			productName = calculatorUITests;
			productReference = AE937CD62A4FD25C000208ED /* calculatorUITests.xctest */;
			productType = "com.apple.product-type.bundle.ui-testing";
		};
/* End PBXNativeTarget section */

/* Begin PBXProject section */
		AE937CAE2A4FD258000208ED /* Project object */ = {
			isa = PBXProject;
			attributes = {
				BuildIndependentTargetsInParallel = 1;
				LastSwiftUpdateCheck = 1430;
				LastUpgradeCheck = 1430;
				TargetAttributes = {
					AE937CB52A4FD258000208ED = {
						CreatedOnToolsVersion = 14.3.1;
					};
					AE937CCB2A4FD25C000208ED = {
						CreatedOnToolsVersion = 14.3.1;
						TestTargetID = AE937CB52A4FD258000208ED;
					};
					AE937CD52A4FD25C000208ED = {
						CreatedOnToolsVersion = 14.3.1;
						TestTargetID = AE937CB52A4FD258000208ED;
					};
				};
			};
			buildConfigurationList = AE937CB12A4FD258000208ED /* Build configuration list for PBXProject "calculator" */;
			compatibilityVersion = "Xcode 14.0";
			developmentRegion = en;
			hasScannedForEncodings = 0;
			knownRegions = (
				en,
				Base,
			);
			mainGroup = AE937CAD2A4FD258000208ED;
			productRefGroup = AE937CB72A4FD258000208ED /* Products */;
			projectDirPath = "";
			projectRoot = "";
			targets = (
				AE937CB52A4FD258000208ED /* calculator */,
				AE937CCB2A4FD25C000208ED /* calculatorTests */,
				AE937CD52A4FD25C000208ED /* calculatorUITests */,
			);
		};
/* End PBXProject section */

/* Begin PBXResourcesBuildPhase section */
		AE937CB42A4FD258000208ED /* Resources */ = {
			isa = PBXResourcesBuildPhase;
			buildActionMask = 2147483647;
			files = (
				AE937CC62A4FD25C000208ED /* LaunchScreen.storyboard in Resources */,
				AE937CC32A4FD25C000208ED /* Assets.xcassets in Resources */,
				AE937CC12A4FD258000208ED /* Main.storyboard in Resources */,
			);
			runOnlyForDeploymentPostprocessing = 0;
		};
		AE937CCA2A4FD25C000208ED /* Resources */ = {
			isa = PBXResourcesBuildPhase;
			buildActionMask = 2147483647;
			files = (
			);
			runOnlyForDeploymentPostprocessing = 0;
		};
		AE937CD42A4FD25C000208ED /* Resources */ = {
			isa = PBXResourcesBuildPhase;
			buildActionMask = 2147483647;
			files = (
			);
			runOnlyForDeploymentPostprocessing = 0;
		};
/* End PBXResourcesBuildPhase section */

/* Begin PBXSourcesBuildPhase section */
		AE937CB22A4FD258000208ED /* Sources */ = {
			isa = PBXSourcesBuildPhase;
			buildActionMask = 2147483647;
			files = (
				AE937CBE2A4FD258000208ED /* ViewController.swift in Sources */,
				AE937CEB2A4FD6D2000208ED /* Calculator.swift in Sources */,
				AE937CBA2A4FD258000208ED /* AppDelegate.swift in Sources */,
				AE937CBC2A4FD258000208ED /* SceneDelegate.swift in Sources */,
			);
			runOnlyForDeploymentPostprocessing = 0;
		};
		AE937CC82A4FD25C000208ED /* Sources */ = {
			isa = PBXSourcesBuildPhase;
			buildActionMask = 2147483647;
			files = (
				AE937CD12A4FD25C000208ED /* calculatorTests.swift in Sources */,
			);
			runOnlyForDeploymentPostprocessing = 0;
		};
		AE937CD22A4FD25C000208ED /* Sources */ = {
			isa = PBXSourcesBuildPhase;
			buildActionMask = 2147483647;
			files = (
				AE937CDD2A4FD25C000208ED /* calculatorUITestsLaunchTests.swift in Sources */,
				AE937CDB2A4FD25C000208ED /* calculatorUITests.swift in Sources */,
			);
			runOnlyForDeploymentPostprocessing = 0;
		};
/* End PBXSourcesBuildPhase section */

/* Begin PBXTargetDependency section */
		AE937CCE2A4FD25C000208ED /* PBXTargetDependency */ = {
			isa = PBXTargetDependency;
			target = AE937CB52A4FD258000208ED /* calculator */;
			targetProxy = AE937CCD2A4FD25C000208ED /* PBXContainerItemProxy */;
		};
		AE937CD82A4FD25C000208ED /* PBXTargetDependency */ = {
			isa = PBXTargetDependency;
			target = AE937CB52A4FD258000208ED /* calculator */;
			targetProxy = AE937CD72A4FD25C000208ED /* PBXContainerItemProxy */;
		};
/* End PBXTargetDependency section */

/* Begin PBXVariantGroup section */
		AE937CBF2A4FD258000208ED /* Main.storyboard */ = {
			isa = PBXVariantGroup;
			children = (
				AE937CC02A4FD258000208ED /* Base */,
			);
			name = Main.storyboard;
			sourceTree = "<group>";
		};
		AE937CC42A4FD25C000208ED /* LaunchScreen.storyboard */ = {
			isa = PBXVariantGroup;
			children = (
				AE937CC52A4FD25C000208ED /* Base */,
			);
			name = LaunchScreen.storyboard;
			sourceTree = "<group>";
		};
/* End PBXVariantGroup section */

/* Begin XCBuildConfiguration section */
		AE937CDE2A4FD25C000208ED /* Debug */ = {
			isa = XCBuildConfiguration;
			buildSettings = {
				ALWAYS_SEARCH_USER_PATHS = NO;
				CLANG_ANALYZER_NONNULL = YES;
				CLANG_ANALYZER_NUMBER_OBJECT_CONVERSION = YES_AGGRESSIVE;
				CLANG_CXX_LANGUAGE_STANDARD = "gnu++20";
				CLANG_ENABLE_MODULES = YES;
				CLANG_ENABLE_OBJC_ARC = YES;
				CLANG_ENABLE_OBJC_WEAK = YES;
				CLANG_WARN_BLOCK_CAPTURE_AUTORELEASING = YES;
				CLANG_WARN_BOOL_CONVERSION = YES;
				CLANG_WARN_COMMA = YES;
				CLANG_WARN_CONSTANT_CONVERSION = YES;
				CLANG_WARN_DEPRECATED_OBJC_IMPLEMENTATIONS = YES;
				CLANG_WARN_DIRECT_OBJC_ISA_USAGE = YES_ERROR;
				CLANG_WARN_DOCUMENTATION_COMMENTS = YES;
				CLANG_WARN_EMPTY_BODY = YES;
				CLANG_WARN_ENUM_CONVERSION = YES;
				CLANG_WARN_INFINITE_RECURSION = YES;
				CLANG_WARN_INT_CONVERSION = YES;
				CLANG_WARN_NON_LITERAL_NULL_CONVERSION = YES;
				CLANG_WARN_OBJC_IMPLICIT_RETAIN_SELF = YES;
				CLANG_WARN_OBJC_LITERAL_CONVERSION = YES;
				CLANG_WARN_OBJC_ROOT_CLASS = YES_ERROR;
				CLANG_WARN_QUOTED_INCLUDE_IN_FRAMEWORK_HEADER = YES;
				CLANG_WARN_RANGE_LOOP_ANALYSIS = YES;
				CLANG_WARN_STRICT_PROTOTYPES = YES;
				CLANG_WARN_SUSPICIOUS_MOVE = YES;
				CLANG_WARN_UNGUARDED_AVAILABILITY = YES_AGGRESSIVE;
				CLANG_WARN_UNREACHABLE_CODE = YES;
				CLANG_WARN__DUPLICATE_METHOD_MATCH = YES;
				COPY_PHASE_STRIP = NO;
				DEBUG_INFORMATION_FORMAT = dwarf;
				ENABLE_STRICT_OBJC_MSGSEND = YES;
				ENABLE_TESTABILITY = YES;
				GCC_C_LANGUAGE_STANDARD = gnu11;
				GCC_DYNAMIC_NO_PIC = NO;
				GCC_NO_COMMON_BLOCKS = YES;
				GCC_OPTIMIZATION_LEVEL = 0;
				GCC_PREPROCESSOR_DEFINITIONS = (
					"DEBUG=1",
					"$(inherited)",
				);
				GCC_WARN_64_TO_32_BIT_CONVERSION = YES;
				GCC_WARN_ABOUT_RETURN_TYPE = YES_ERROR;
				GCC_WARN_UNDECLARED_SELECTOR = YES;
				GCC_WARN_UNINITIALIZED_AUTOS = YES_AGGRESSIVE;
				GCC_WARN_UNUSED_FUNCTION = YES;
				GCC_WARN_UNUSED_VARIABLE = YES;
				IPHONEOS_DEPLOYMENT_TARGET = 16.4;
				MTL_ENABLE_DEBUG_INFO = INCLUDE_SOURCE;
				MTL_FAST_MATH = YES;
				ONLY_ACTIVE_ARCH = YES;
				SDKROOT = iphoneos;
				SWIFT_ACTIVE_COMPILATION_CONDITIONS = DEBUG;
				SWIFT_OPTIMIZATION_LEVEL = "-Onone";
			};
			name = Debug;
		};
		AE937CDF2A4FD25C000208ED /* Release */ = {
			isa = XCBuildConfiguration;
			buildSettings = {
				ALWAYS_SEARCH_USER_PATHS = NO;
				CLANG_ANALYZER_NONNULL = YES;
				CLANG_ANALYZER_NUMBER_OBJECT_CONVERSION = YES_AGGRESSIVE;
				CLANG_CXX_LANGUAGE_STANDARD = "gnu++20";
				CLANG_ENABLE_MODULES = YES;
				CLANG_ENABLE_OBJC_ARC = YES;
				CLANG_ENABLE_OBJC_WEAK = YES;
				CLANG_WARN_BLOCK_CAPTURE_AUTORELEASING = YES;
				CLANG_WARN_BOOL_CONVERSION = YES;
				CLANG_WARN_COMMA = YES;
				CLANG_WARN_CONSTANT_CONVERSION = YES;
				CLANG_WARN_DEPRECATED_OBJC_IMPLEMENTATIONS = YES;
				CLANG_WARN_DIRECT_OBJC_ISA_USAGE = YES_ERROR;
				CLANG_WARN_DOCUMENTATION_COMMENTS = YES;
				CLANG_WARN_EMPTY_BODY = YES;
				CLANG_WARN_ENUM_CONVERSION = YES;
				CLANG_WARN_INFINITE_RECURSION = YES;
				CLANG_WARN_INT_CONVERSION = YES;
				CLANG_WARN_NON_LITERAL_NULL_CONVERSION = YES;
				CLANG_WARN_OBJC_IMPLICIT_RETAIN_SELF = YES;
				CLANG_WARN_OBJC_LITERAL_CONVERSION = YES;
				CLANG_WARN_OBJC_ROOT_CLASS = YES_ERROR;
				CLANG_WARN_QUOTED_INCLUDE_IN_FRAMEWORK_HEADER = YES;
				CLANG_WARN_RANGE_LOOP_ANALYSIS = YES;
				CLANG_WARN_STRICT_PROTOTYPES = YES;
				CLANG_WARN_SUSPICIOUS_MOVE = YES;
				CLANG_WARN_UNGUARDED_AVAILABILITY = YES_AGGRESSIVE;
				CLANG_WARN_UNREACHABLE_CODE = YES;
				CLANG_WARN__DUPLICATE_METHOD_MATCH = YES;
				COPY_PHASE_STRIP = NO;
				DEBUG_INFORMATION_FORMAT = "dwarf-with-dsym";
				ENABLE_NS_ASSERTIONS = NO;
				ENABLE_STRICT_OBJC_MSGSEND = YES;
				GCC_C_LANGUAGE_STANDARD = gnu11;
				GCC_NO_COMMON_BLOCKS = YES;
				GCC_WARN_64_TO_32_BIT_CONVERSION = YES;
				GCC_WARN_ABOUT_RETURN_TYPE = YES_ERROR;
				GCC_WARN_UNDECLARED_SELECTOR = YES;
				GCC_WARN_UNINITIALIZED_AUTOS = YES_AGGRESSIVE;
				GCC_WARN_UNUSED_FUNCTION = YES;
				GCC_WARN_UNUSED_VARIABLE = YES;
				IPHONEOS_DEPLOYMENT_TARGET = 16.4;
				MTL_ENABLE_DEBUG_INFO = NO;
				MTL_FAST_MATH = YES;
				SDKROOT = iphoneos;
				SWIFT_COMPILATION_MODE = wholemodule;
				SWIFT_OPTIMIZATION_LEVEL = "-O";
				VALIDATE_PRODUCT = YES;
			};
			name = Release;
		};
		AE937CE12A4FD25C000208ED /* Debug */ = {
			isa = XCBuildConfiguration;
			buildSettings = {
				ASSETCATALOG_COMPILER_APPICON_NAME = AppIcon;
				ASSETCATALOG_COMPILER_GLOBAL_ACCENT_COLOR_NAME = AccentColor;
				CODE_SIGN_STYLE = Automatic;
				CURRENT_PROJECT_VERSION = 1;
				GENERATE_INFOPLIST_FILE = YES;
				INFOPLIST_FILE = calculator/Info.plist;
				INFOPLIST_KEY_UIApplicationSupportsIndirectInputEvents = YES;
				INFOPLIST_KEY_UILaunchStoryboardName = LaunchScreen;
				INFOPLIST_KEY_UIMainStoryboardFile = Main;
				INFOPLIST_KEY_UISupportedInterfaceOrientations_iPad = "UIInterfaceOrientationPortrait UIInterfaceOrientationPortraitUpsideDown UIInterfaceOrientationLandscapeLeft UIInterfaceOrientationLandscapeRight";
				INFOPLIST_KEY_UISupportedInterfaceOrientations_iPhone = "UIInterfaceOrientationPortrait UIInterfaceOrientationLandscapeLeft UIInterfaceOrientationLandscapeRight";
				LD_RUNPATH_SEARCH_PATHS = (
					"$(inherited)",
					"@executable_path/Frameworks",
				);
				MARKETING_VERSION = 1.0;
				PRODUCT_BUNDLE_IDENTIFIER = lipat.calculator;
				PRODUCT_NAME = "$(TARGET_NAME)";
				SWIFT_EMIT_LOC_STRINGS = YES;
				SWIFT_VERSION = 5.0;
				TARGETED_DEVICE_FAMILY = "1,2";
			};
			name = Debug;
		};
		AE937CE22A4FD25C000208ED /* Release */ = {
			isa = XCBuildConfiguration;
			buildSettings = {
				ASSETCATALOG_COMPILER_APPICON_NAME = AppIcon;
				ASSETCATALOG_COMPILER_GLOBAL_ACCENT_COLOR_NAME = AccentColor;
				CODE_SIGN_STYLE = Automatic;
				CURRENT_PROJECT_VERSION = 1;
				GENERATE_INFOPLIST_FILE = YES;
				INFOPLIST_FILE = calculator/Info.plist;
				INFOPLIST_KEY_UIApplicationSupportsIndirectInputEvents = YES;
				INFOPLIST_KEY_UILaunchStoryboardName = LaunchScreen;
				INFOPLIST_KEY_UIMainStoryboardFile = Main;
				INFOPLIST_KEY_UISupportedInterfaceOrientations_iPad = "UIInterfaceOrientationPortrait UIInterfaceOrientationPortraitUpsideDown UIInterfaceOrientationLandscapeLeft UIInterfaceOrientationLandscapeRight";
				INFOPLIST_KEY_UISupportedInterfaceOrientations_iPhone = "UIInterfaceOrientationPortrait UIInterfaceOrientationLandscapeLeft UIInterfaceOrientationLandscapeRight";
				LD_RUNPATH_SEARCH_PATHS = (
					"$(inherited)",
					"@executable_path/Frameworks",
				);
				MARKETING_VERSION = 1.0;
				PRODUCT_BUNDLE_IDENTIFIER = lipat.calculator;
				PRODUCT_NAME = "$(TARGET_NAME)";
				SWIFT_EMIT_LOC_STRINGS = YES;
				SWIFT_VERSION = 5.0;
				TARGETED_DEVICE_FAMILY = "1,2";
			};
			name = Release;
		};
		AE937CE42A4FD25C000208ED /* Debug */ = {
			isa = XCBuildConfiguration;
			buildSettings = {
				ALWAYS_EMBED_SWIFT_STANDARD_LIBRARIES = YES;
				BUNDLE_LOADER = "$(TEST_HOST)";
				CODE_SIGN_STYLE = Automatic;
				CURRENT_PROJECT_VERSION = 1;
				GENERATE_INFOPLIST_FILE = YES;
				IPHONEOS_DEPLOYMENT_TARGET = 16.4;
				MARKETING_VERSION = 1.0;
				PRODUCT_BUNDLE_IDENTIFIER = lipat.calculatorTests;
				PRODUCT_NAME = "$(TARGET_NAME)";
				SWIFT_EMIT_LOC_STRINGS = NO;
				SWIFT_VERSION = 5.0;
				TARGETED_DEVICE_FAMILY = "1,2";
				TEST_HOST = "$(BUILT_PRODUCTS_DIR)/calculator.app/$(BUNDLE_EXECUTABLE_FOLDER_PATH)/calculator";
			};
			name = Debug;
		};
		AE937CE52A4FD25C000208ED /* Release */ = {
			isa = XCBuildConfiguration;
			buildSettings = {
				ALWAYS_EMBED_SWIFT_STANDARD_LIBRARIES = YES;
				BUNDLE_LOADER = "$(TEST_HOST)";
				CODE_SIGN_STYLE = Automatic;
				CURRENT_PROJECT_VERSION = 1;
				GENERATE_INFOPLIST_FILE = YES;
				IPHONEOS_DEPLOYMENT_TARGET = 16.4;
				MARKETING_VERSION = 1.0;
				PRODUCT_BUNDLE_IDENTIFIER = lipat.calculatorTests;
				PRODUCT_NAME = "$(TARGET_NAME)";
				SWIFT_EMIT_LOC_STRINGS = NO;
				SWIFT_VERSION = 5.0;
				TARGETED_DEVICE_FAMILY = "1,2";
				TEST_HOST = "$(BUILT_PRODUCTS_DIR)/calculator.app/$(BUNDLE_EXECUTABLE_FOLDER_PATH)/calculator";
			};
			name = Release;
		};
		AE937CE72A4FD25C000208ED /* Debug */ = {
			isa = XCBuildConfiguration;
			buildSettings = {
				ALWAYS_EMBED_SWIFT_STANDARD_LIBRARIES = YES;
				CODE_SIGN_STYLE = Automatic;
				CURRENT_PROJECT_VERSION = 1;
				GENERATE_INFOPLIST_FILE = YES;
				MARKETING_VERSION = 1.0;
				PRODUCT_BUNDLE_IDENTIFIER = lipat.calculatorUITests;
				PRODUCT_NAME = "$(TARGET_NAME)";
				SWIFT_EMIT_LOC_STRINGS = NO;
				SWIFT_VERSION = 5.0;
				TARGETED_DEVICE_FAMILY = "1,2";
				TEST_TARGET_NAME = calculator;
			};
			name = Debug;
		};
		AE937CE82A4FD25C000208ED /* Release */ = {
			isa = XCBuildConfiguration;
			buildSettings = {
				ALWAYS_EMBED_SWIFT_STANDARD_LIBRARIES = YES;
				CODE_SIGN_STYLE = Automatic;
				CURRENT_PROJECT_VERSION = 1;
				GENERATE_INFOPLIST_FILE = YES;
				MARKETING_VERSION = 1.0;
				PRODUCT_BUNDLE_IDENTIFIER = lipat.calculatorUITests;
				PRODUCT_NAME = "$(TARGET_NAME)";
				SWIFT_EMIT_LOC_STRINGS = NO;
				SWIFT_VERSION = 5.0;
				TARGETED_DEVICE_FAMILY = "1,2";
				TEST_TARGET_NAME = calculator;
			};
			name = Release;
		};
/* End XCBuildConfiguration section */

/* Begin XCConfigurationList section */
		AE937CB12A4FD258000208ED /* Build configuration list for PBXProject "calculator" */ = {
			isa = XCConfigurationList;
			buildConfigurations = (
				AE937CDE2A4FD25C000208ED /* Debug */,
				AE937CDF2A4FD25C000208ED /* Release */,
			);
			defaultConfigurationIsVisible = 0;
			defaultConfigurationName = Release;
		};
		AE937CE02A4FD25C000208ED /* Build configuration list for PBXNativeTarget "calculator" */ = {
			isa = XCConfigurationList;
			buildConfigurations = (
				AE937CE12A4FD25C000208ED /* Debug */,
				AE937CE22A4FD25C000208ED /* Release */,
			);
			defaultConfigurationIsVisible = 0;
			defaultConfigurationName = Release;
		};
		AE937CE32A4FD25C000208ED /* Build configuration list for PBXNativeTarget "calculatorTests" */ = {
			isa = XCConfigurationList;
			buildConfigurations = (
				AE937CE42A4FD25C000208ED /* Debug */,
				AE937CE52A4FD25C000208ED /* Release */,
			);
			defaultConfigurationIsVisible = 0;
			defaultConfigurationName = Release;
		};
		AE937CE62A4FD25C000208ED /* Build configuration list for PBXNativeTarget "calculatorUITests" */ = {
			isa = XCConfigurationList;
			buildConfigurations = (
				AE937CE72A4FD25C000208ED /* Debug */,
				AE937CE82A4FD25C000208ED /* Release */,
			);
			defaultConfigurationIsVisible = 0;
			defaultConfigurationName = Release;
		};
/* End XCConfigurationList section */
	};
	rootObject = AE937CAE2A4FD258000208ED /* Project object */;
}
